
Microsoft Visual Studio Solution File, Format Version 12.00
# Visual Studio 15
VisualStudioVersion = 15.0.28010.2048
MinimumVisualStudioVersion = 10.0.40219.1
Project("{FAE04EC0-301F-11D3-BF4B-00C04F79EFBC}") = "CrossPixel.Android", "CrossPixel\CrossPixel.Android\CrossPixel.Android.csproj", "{23F90A3E-27DA-41AB-B916-C06A5AA10181}"
EndProject
Project("{FAE04EC0-301F-11D3-BF4B-00C04F79EFBC}") = "CrossPixel.iOS", "CrossPixel\CrossPixel.iOS\CrossPixel.iOS.csproj", "{D11AD810-5ED1-40E8-8CCA-B65C3DD3CA22}"
EndProject
Project("{FAE04EC0-301F-11D3-BF4B-00C04F79EFBC}") = "CrossPixel.UWP", "CrossPixel\CrossPixel.UWP\CrossPixel.UWP.csproj", "{D2E16242-2B8C-4345-85F5-A7BF6926EFAC}"
EndProject
Project("{FAE04EC0-301F-11D3-BF4B-00C04F79EFBC}") = "CrossPixel", "CrossPixel\CrossPixel\CrossPixel.csproj", "{837B7B96-70F6-48B6-89B6-0D182520ED79}"
EndProject
Global
	GlobalSection(SolutionConfigurationPlatforms) = preSolution
		Ad-Hoc|Any CPU = Ad-Hoc|Any CPU
		Ad-Hoc|ARM = Ad-Hoc|ARM
		Ad-Hoc|iPhone = Ad-Hoc|iPhone
		Ad-Hoc|iPhoneSimulator = Ad-Hoc|iPhoneSimulator
		Ad-Hoc|x64 = Ad-Hoc|x64
		Ad-Hoc|x86 = Ad-Hoc|x86
		AppStore|Any CPU = AppStore|Any CPU
		AppStore|ARM = AppStore|ARM
		AppStore|iPhone = AppStore|iPhone
		AppStore|iPhoneSimulator = AppStore|iPhoneSimulator
		AppStore|x64 = AppStore|x64
		AppStore|x86 = AppStore|x86
		Debug|Any CPU = Debug|Any CPU
		Debug|ARM = Debug|ARM
		Debug|iPhone = Debug|iPhone
		Debug|iPhoneSimulator = Debug|iPhoneSimulator
		Debug|x64 = Debug|x64
		Debug|x86 = Debug|x86
		Release|Any CPU = Release|Any CPU
		Release|ARM = Release|ARM
		Release|iPhone = Release|iPhone
		Release|iPhoneSimulator = Release|iPhoneSimulator
		Release|x64 = Release|x64
		Release|x86 = Release|x86
	EndGlobalSection
	GlobalSection(ProjectConfigurationPlatforms) = postSolution
		{23F90A3E-27DA-41AB-B916-C06A5AA10181}.Ad-Hoc|Any CPU.ActiveCfg = Release|Any CPU
		{23F90A3E-27DA-41AB-B916-C06A5AA10181}.Ad-Hoc|Any CPU.Build.0 = Release|Any CPU
		{23F90A3E-27DA-41AB-B916-C06A5AA10181}.Ad-Hoc|Any CPU.Deploy.0 = Release|Any CPU
		{23F90A3E-27DA-41AB-B916-C06A5AA10181}.Ad-Hoc|ARM.ActiveCfg = Release|Any CPU
		{23F90A3E-27DA-41AB-B916-C06A5AA10181}.Ad-Hoc|ARM.Build.0 = Release|Any CPU
		{23F90A3E-27DA-41AB-B916-C06A5AA10181}.Ad-Hoc|ARM.Deploy.0 = Release|Any CPU
		{23F90A3E-27DA-41AB-B916-C06A5AA10181}.Ad-Hoc|iPhone.ActiveCfg = Release|Any CPU
		{23F90A3E-27DA-41AB-B916-C06A5AA10181}.Ad-Hoc|iPhone.Build.0 = Release|Any CPU
		{23F90A3E-27DA-41AB-B916-C06A5AA10181}.Ad-Hoc|iPhone.Deploy.0 = Release|Any CPU
		{23F90A3E-27DA-41AB-B916-C06A5AA10181}.Ad-Hoc|iPhoneSimulator.ActiveCfg = Release|Any CPU
		{23F90A3E-27DA-41AB-B916-C06A5AA10181}.Ad-Hoc|iPhoneSimulator.Build.0 = Release|Any CPU
		{23F90A3E-27DA-41AB-B916-C06A5AA10181}.Ad-Hoc|iPhoneSimulator.Deploy.0 = Release|Any CPU
		{23F90A3E-27DA-41AB-B916-C06A5AA10181}.Ad-Hoc|x64.ActiveCfg = Release|Any CPU
		{23F90A3E-27DA-41AB-B916-C06A5AA10181}.Ad-Hoc|x64.Build.0 = Release|Any CPU
		{23F90A3E-27DA-41AB-B916-C06A5AA10181}.Ad-Hoc|x64.Deploy.0 = Release|Any CPU
		{23F90A3E-27DA-41AB-B916-C06A5AA10181}.Ad-Hoc|x86.ActiveCfg = Release|Any CPU
		{23F90A3E-27DA-41AB-B916-C06A5AA10181}.Ad-Hoc|x86.Build.0 = Release|Any CPU
		{23F90A3E-27DA-41AB-B916-C06A5AA10181}.Ad-Hoc|x86.Deploy.0 = Release|Any CPU
		{23F90A3E-27DA-41AB-B916-C06A5AA10181}.AppStore|Any CPU.ActiveCfg = Release|Any CPU
		{23F90A3E-27DA-41AB-B916-C06A5AA10181}.AppStore|Any CPU.Build.0 = Release|Any CPU
		{23F90A3E-27DA-41AB-B916-C06A5AA10181}.AppStore|Any CPU.Deploy.0 = Release|Any CPU
		{23F90A3E-27DA-41AB-B916-C06A5AA10181}.AppStore|ARM.ActiveCfg = Release|Any CPU
		{23F90A3E-27DA-41AB-B916-C06A5AA10181}.AppStore|ARM.Build.0 = Release|Any CPU
		{23F90A3E-27DA-41AB-B916-C06A5AA10181}.AppStore|ARM.Deploy.0 = Release|Any CPU
		{23F90A3E-27DA-41AB-B916-C06A5AA10181}.AppStore|iPhone.ActiveCfg = Release|Any CPU
		{23F90A3E-27DA-41AB-B916-C06A5AA10181}.AppStore|iPhone.Build.0 = Release|Any CPU
		{23F90A3E-27DA-41AB-B916-C06A5AA10181}.AppStore|iPhone.Deploy.0 = Release|Any CPU
		{23F90A3E-27DA-41AB-B916-C06A5AA10181}.AppStore|iPhoneSimulator.ActiveCfg = Release|Any CPU
		{23F90A3E-27DA-41AB-B916-C06A5AA10181}.AppStore|iPhoneSimulator.Build.0 = Release|Any CPU
		{23F90A3E-27DA-41AB-B916-C06A5AA10181}.AppStore|iPhoneSimulator.Deploy.0 = Release|Any CPU
		{23F90A3E-27DA-41AB-B916-C06A5AA10181}.AppStore|x64.ActiveCfg = Release|Any CPU
		{23F90A3E-27DA-41AB-B916-C06A5AA10181}.AppStore|x64.Build.0 = Release|Any CPU
		{23F90A3E-27DA-41AB-B916-C06A5AA10181}.AppStore|x64.Deploy.0 = Release|Any CPU
		{23F90A3E-27DA-41AB-B916-C06A5AA10181}.AppStore|x86.ActiveCfg = Release|Any CPU
		{23F90A3E-27DA-41AB-B916-C06A5AA10181}.AppStore|x86.Build.0 = Release|Any CPU
		{23F90A3E-27DA-41AB-B916-C06A5AA10181}.AppStore|x86.Deploy.0 = Release|Any CPU
		{23F90A3E-27DA-41AB-B916-C06A5AA10181}.Debug|Any CPU.ActiveCfg = Debug|Any CPU
		{23F90A3E-27DA-41AB-B916-C06A5AA10181}.Debug|Any CPU.Build.0 = Debug|Any CPU
		{23F90A3E-27DA-41AB-B916-C06A5AA10181}.Debug|Any CPU.Deploy.0 = Debug|Any CPU
		{23F90A3E-27DA-41AB-B916-C06A5AA10181}.Debug|ARM.ActiveCfg = Debug|Any CPU
		{23F90A3E-27DA-41AB-B916-C06A5AA10181}.Debug|ARM.Build.0 = Debug|Any CPU
		{23F90A3E-27DA-41AB-B916-C06A5AA10181}.Debug|ARM.Deploy.0 = Debug|Any CPU
		{23F90A3E-27DA-41AB-B916-C06A5AA10181}.Debug|iPhone.ActiveCfg = Debug|Any CPU
		{23F90A3E-27DA-41AB-B916-C06A5AA10181}.Debug|iPhone.Build.0 = Debug|Any CPU
		{23F90A3E-27DA-41AB-B916-C06A5AA10181}.Debug|iPhone.Deploy.0 = Debug|Any CPU
		{23F90A3E-27DA-41AB-B916-C06A5AA10181}.Debug|iPhoneSimulator.ActiveCfg = Debug|Any CPU
		{23F90A3E-27DA-41AB-B916-C06A5AA10181}.Debug|iPhoneSimulator.Build.0 = Debug|Any CPU
		{23F90A3E-27DA-41AB-B916-C06A5AA10181}.Debug|iPhoneSimulator.Deploy.0 = Debug|Any CPU
		{23F90A3E-27DA-41AB-B916-C06A5AA10181}.Debug|x64.ActiveCfg = Debug|Any CPU
		{23F90A3E-27DA-41AB-B916-C06A5AA10181}.Debug|x64.Build.0 = Debug|Any CPU
		{23F90A3E-27DA-41AB-B916-C06A5AA10181}.Debug|x64.Deploy.0 = Debug|Any CPU
		{23F90A3E-27DA-41AB-B916-C06A5AA10181}.Debug|x86.ActiveCfg = Debug|Any CPU
		{23F90A3E-27DA-41AB-B916-C06A5AA10181}.Debug|x86.Build.0 = Debug|Any CPU
		{23F90A3E-27DA-41AB-B916-C06A5AA10181}.Debug|x86.Deploy.0 = Debug|Any CPU
		{23F90A3E-27DA-41AB-B916-C06A5AA10181}.Release|Any CPU.ActiveCfg = Release|Any CPU
		{23F90A3E-27DA-41AB-B916-C06A5AA10181}.Release|Any CPU.Build.0 = Release|Any CPU
		{23F90A3E-27DA-41AB-B916-C06A5AA10181}.Release|Any CPU.Deploy.0 = Release|Any CPU
		{23F90A3E-27DA-41AB-B916-C06A5AA10181}.Release|ARM.ActiveCfg = Release|Any CPU
		{23F90A3E-27DA-41AB-B916-C06A5AA10181}.Release|ARM.Build.0 = Release|Any CPU
		{23F90A3E-27DA-41AB-B916-C06A5AA10181}.Release|ARM.Deploy.0 = Release|Any CPU
		{23F90A3E-27DA-41AB-B916-C06A5AA10181}.Release|iPhone.ActiveCfg = Release|Any CPU
		{23F90A3E-27DA-41AB-B916-C06A5AA10181}.Release|iPhone.Build.0 = Release|Any CPU
		{23F90A3E-27DA-41AB-B916-C06A5AA10181}.Release|iPhone.Deploy.0 = Release|Any CPU
		{23F90A3E-27DA-41AB-B916-C06A5AA10181}.Release|iPhoneSimulator.ActiveCfg = Release|Any CPU
		{23F90A3E-27DA-41AB-B916-C06A5AA10181}.Release|iPhoneSimulator.Build.0 = Release|Any CPU
		{23F90A3E-27DA-41AB-B916-C06A5AA10181}.Release|iPhoneSimulator.Deploy.0 = Release|Any CPU
		{23F90A3E-27DA-41AB-B916-C06A5AA10181}.Release|x64.ActiveCfg = Release|Any CPU
		{23F90A3E-27DA-41AB-B916-C06A5AA10181}.Release|x64.Build.0 = Release|Any CPU
		{23F90A3E-27DA-41AB-B916-C06A5AA10181}.Release|x64.Deploy.0 = Release|Any CPU
		{23F90A3E-27DA-41AB-B916-C06A5AA10181}.Release|x86.ActiveCfg = Release|Any CPU
		{23F90A3E-27DA-41AB-B916-C06A5AA10181}.Release|x86.Build.0 = Release|Any CPU
		{23F90A3E-27DA-41AB-B916-C06A5AA10181}.Release|x86.Deploy.0 = Release|Any CPU
		{D11AD810-5ED1-40E8-8CCA-B65C3DD3CA22}.Ad-Hoc|Any CPU.ActiveCfg = Ad-Hoc|iPhone
		{D11AD810-5ED1-40E8-8CCA-B65C3DD3CA22}.Ad-Hoc|Any CPU.Build.0 = Ad-Hoc|iPhone
		{D11AD810-5ED1-40E8-8CCA-B65C3DD3CA22}.Ad-Hoc|Any CPU.Deploy.0 = Ad-Hoc|iPhone
		{D11AD810-5ED1-40E8-8CCA-B65C3DD3CA22}.Ad-Hoc|ARM.ActiveCfg = Ad-Hoc|iPhone
		{D11AD810-5ED1-40E8-8CCA-B65C3DD3CA22}.Ad-Hoc|ARM.Build.0 = Ad-Hoc|iPhone
		{D11AD810-5ED1-40E8-8CCA-B65C3DD3CA22}.Ad-Hoc|ARM.Deploy.0 = Ad-Hoc|iPhone
		{D11AD810-5ED1-40E8-8CCA-B65C3DD3CA22}.Ad-Hoc|iPhone.ActiveCfg = Ad-Hoc|iPhone
		{D11AD810-5ED1-40E8-8CCA-B65C3DD3CA22}.Ad-Hoc|iPhone.Build.0 = Ad-Hoc|iPhone
		{D11AD810-5ED1-40E8-8CCA-B65C3DD3CA22}.Ad-Hoc|iPhone.Deploy.0 = Ad-Hoc|iPhone
		{D11AD810-5ED1-40E8-8CCA-B65C3DD3CA22}.Ad-Hoc|iPhoneSimulator.ActiveCfg = Ad-Hoc|iPhoneSimulator
		{D11AD810-5ED1-40E8-8CCA-B65C3DD3CA22}.Ad-Hoc|iPhoneSimulator.Build.0 = Ad-Hoc|iPhoneSimulator
		{D11AD810-5ED1-40E8-8CCA-B65C3DD3CA22}.Ad-Hoc|iPhoneSimulator.Deploy.0 = Ad-Hoc|iPhoneSimulator
		{D11AD810-5ED1-40E8-8CCA-B65C3DD3CA22}.Ad-Hoc|x64.ActiveCfg = Ad-Hoc|iPhone
		{D11AD810-5ED1-40E8-8CCA-B65C3DD3CA22}.Ad-Hoc|x64.Build.0 = Ad-Hoc|iPhone
		{D11AD810-5ED1-40E8-8CCA-B65C3DD3CA22}.Ad-Hoc|x64.Deploy.0 = Ad-Hoc|iPhone
		{D11AD810-5ED1-40E8-8CCA-B65C3DD3CA22}.Ad-Hoc|x86.ActiveCfg = Ad-Hoc|iPhone
		{D11AD810-5ED1-40E8-8CCA-B65C3DD3CA22}.Ad-Hoc|x86.Build.0 = Ad-Hoc|iPhone
		{D11AD810-5ED1-40E8-8CCA-B65C3DD3CA22}.Ad-Hoc|x86.Deploy.0 = Ad-Hoc|iPhone
		{D11AD810-5ED1-40E8-8CCA-B65C3DD3CA22}.AppStore|Any CPU.ActiveCfg = AppStore|iPhone
		{D11AD810-5ED1-40E8-8CCA-B65C3DD3CA22}.AppStore|Any CPU.Build.0 = AppStore|iPhone
		{D11AD810-5ED1-40E8-8CCA-B65C3DD3CA22}.AppStore|Any CPU.Deploy.0 = AppStore|iPhone
		{D11AD810-5ED1-40E8-8CCA-B65C3DD3CA22}.AppStore|ARM.ActiveCfg = AppStore|iPhone
		{D11AD810-5ED1-40E8-8CCA-B65C3DD3CA22}.AppStore|ARM.Build.0 = AppStore|iPhone
		{D11AD810-5ED1-40E8-8CCA-B65C3DD3CA22}.AppStore|ARM.Deploy.0 = AppStore|iPhone
		{D11AD810-5ED1-40E8-8CCA-B65C3DD3CA22}.AppStore|iPhone.ActiveCfg = AppStore|iPhone
		{D11AD810-5ED1-40E8-8CCA-B65C3DD3CA22}.AppStore|iPhone.Build.0 = AppStore|iPhone
		{D11AD810-5ED1-40E8-8CCA-B65C3DD3CA22}.AppStore|iPhone.Deploy.0 = AppStore|iPhone
		{D11AD810-5ED1-40E8-8CCA-B65C3DD3CA22}.AppStore|iPhoneSimulator.ActiveCfg = AppStore|iPhoneSimulator
		{D11AD810-5ED1-40E8-8CCA-B65C3DD3CA22}.AppStore|iPhoneSimulator.Build.0 = AppStore|iPhoneSimulator
		{D11AD810-5ED1-40E8-8CCA-B65C3DD3CA22}.AppStore|iPhoneSimulator.Deploy.0 = AppStore|iPhoneSimulator
		{D11AD810-5ED1-40E8-8CCA-B65C3DD3CA22}.AppStore|x64.ActiveCfg = AppStore|iPhone
		{D11AD810-5ED1-40E8-8CCA-B65C3DD3CA22}.AppStore|x64.Build.0 = AppStore|iPhone
		{D11AD810-5ED1-40E8-8CCA-B65C3DD3CA22}.AppStore|x64.Deploy.0 = AppStore|iPhone
		{D11AD810-5ED1-40E8-8CCA-B65C3DD3CA22}.AppStore|x86.ActiveCfg = AppStore|iPhone
		{D11AD810-5ED1-40E8-8CCA-B65C3DD3CA22}.AppStore|x86.Build.0 = AppStore|iPhone
		{D11AD810-5ED1-40E8-8CCA-B65C3DD3CA22}.AppStore|x86.Deploy.0 = AppStore|iPhone
		{D11AD810-5ED1-40E8-8CCA-B65C3DD3CA22}.Debug|Any CPU.ActiveCfg = Debug|iPhoneSimulator
		{D11AD810-5ED1-40E8-8CCA-B65C3DD3CA22}.Debug|Any CPU.Build.0 = Debug|iPhoneSimulator
		{D11AD810-5ED1-40E8-8CCA-B65C3DD3CA22}.Debug|Any CPU.Deploy.0 = Debug|iPhoneSimulator
		{D11AD810-5ED1-40E8-8CCA-B65C3DD3CA22}.Debug|ARM.ActiveCfg = Debug|iPhone
		{D11AD810-5ED1-40E8-8CCA-B65C3DD3CA22}.Debug|ARM.Build.0 = Debug|iPhone
		{D11AD810-5ED1-40E8-8CCA-B65C3DD3CA22}.Debug|ARM.Deploy.0 = Debug|iPhone
		{D11AD810-5ED1-40E8-8CCA-B65C3DD3CA22}.Debug|iPhone.ActiveCfg = Debug|iPhone
		{D11AD810-5ED1-40E8-8CCA-B65C3DD3CA22}.Debug|iPhone.Build.0 = Debug|iPhone
		{D11AD810-5ED1-40E8-8CCA-B65C3DD3CA22}.Debug|iPhone.Deploy.0 = Debug|iPhone
		{D11AD810-5ED1-40E8-8CCA-B65C3DD3CA22}.Debug|iPhoneSimulator.ActiveCfg = Debug|iPhoneSimulator
		{D11AD810-5ED1-40E8-8CCA-B65C3DD3CA22}.Debug|iPhoneSimulator.Build.0 = Debug|iPhoneSimulator
		{D11AD810-5ED1-40E8-8CCA-B65C3DD3CA22}.Debug|iPhoneSimulator.Deploy.0 = Debug|iPhoneSimulator
		{D11AD810-5ED1-40E8-8CCA-B65C3DD3CA22}.Debug|x64.ActiveCfg = Debug|iPhone
		{D11AD810-5ED1-40E8-8CCA-B65C3DD3CA22}.Debug|x64.Build.0 = Debug|iPhone
		{D11AD810-5ED1-40E8-8CCA-B65C3DD3CA22}.Debug|x64.Deploy.0 = Debug|iPhone
		{D11AD810-5ED1-40E8-8CCA-B65C3DD3CA22}.Debug|x86.ActiveCfg = Debug|iPhone
		{D11AD810-5ED1-40E8-8CCA-B65C3DD3CA22}.Debug|x86.Build.0 = Debug|iPhone
		{D11AD810-5ED1-40E8-8CCA-B65C3DD3CA22}.Debug|x86.Deploy.0 = Debug|iPhone
		{D11AD810-5ED1-40E8-8CCA-B65C3DD3CA22}.Release|Any CPU.ActiveCfg = Release|iPhone
		{D11AD810-5ED1-40E8-8CCA-B65C3DD3CA22}.Release|Any CPU.Build.0 = Release|iPhone
		{D11AD810-5ED1-40E8-8CCA-B65C3DD3CA22}.Release|Any CPU.Deploy.0 = Release|iPhone
		{D11AD810-5ED1-40E8-8CCA-B65C3DD3CA22}.Release|ARM.ActiveCfg = Release|iPhone
		{D11AD810-5ED1-40E8-8CCA-B65C3DD3CA22}.Release|ARM.Build.0 = Release|iPhone
		{D11AD810-5ED1-40E8-8CCA-B65C3DD3CA22}.Release|ARM.Deploy.0 = Release|iPhone
		{D11AD810-5ED1-40E8-8CCA-B65C3DD3CA22}.Release|iPhone.ActiveCfg = Release|iPhone
		{D11AD810-5ED1-40E8-8CCA-B65C3DD3CA22}.Release|iPhone.Build.0 = Release|iPhone
		{D11AD810-5ED1-40E8-8CCA-B65C3DD3CA22}.Release|iPhone.Deploy.0 = Release|iPhone
		{D11AD810-5ED1-40E8-8CCA-B65C3DD3CA22}.Release|iPhoneSimulator.ActiveCfg = Release|iPhoneSimulator
		{D11AD810-5ED1-40E8-8CCA-B65C3DD3CA22}.Release|iPhoneSimulator.Build.0 = Release|iPhoneSimulator
		{D11AD810-5ED1-40E8-8CCA-B65C3DD3CA22}.Release|iPhoneSimulator.Deploy.0 = Release|iPhoneSimulator
		{D11AD810-5ED1-40E8-8CCA-B65C3DD3CA22}.Release|x64.ActiveCfg = Release|iPhone
		{D11AD810-5ED1-40E8-8CCA-B65C3DD3CA22}.Release|x64.Build.0 = Release|iPhone
		{D11AD810-5ED1-40E8-8CCA-B65C3DD3CA22}.Release|x64.Deploy.0 = Release|iPhone
		{D11AD810-5ED1-40E8-8CCA-B65C3DD3CA22}.Release|x86.ActiveCfg = Release|iPhone
		{D11AD810-5ED1-40E8-8CCA-B65C3DD3CA22}.Release|x86.Build.0 = Release|iPhone
		{D11AD810-5ED1-40E8-8CCA-B65C3DD3CA22}.Release|x86.Deploy.0 = Release|iPhone
		{D2E16242-2B8C-4345-85F5-A7BF6926EFAC}.Ad-Hoc|Any CPU.ActiveCfg = Release|x86
		{D2E16242-2B8C-4345-85F5-A7BF6926EFAC}.Ad-Hoc|Any CPU.Build.0 = Release|x86
		{D2E16242-2B8C-4345-85F5-A7BF6926EFAC}.Ad-Hoc|Any CPU.Deploy.0 = Release|x86
		{D2E16242-2B8C-4345-85F5-A7BF6926EFAC}.Ad-Hoc|ARM.ActiveCfg = Release|ARM
		{D2E16242-2B8C-4345-85F5-A7BF6926EFAC}.Ad-Hoc|ARM.Build.0 = Release|ARM
		{D2E16242-2B8C-4345-85F5-A7BF6926EFAC}.Ad-Hoc|ARM.Deploy.0 = Release|ARM
		{D2E16242-2B8C-4345-85F5-A7BF6926EFAC}.Ad-Hoc|iPhone.ActiveCfg = Release|x86
		{D2E16242-2B8C-4345-85F5-A7BF6926EFAC}.Ad-Hoc|iPhone.Build.0 = Release|x86
		{D2E16242-2B8C-4345-85F5-A7BF6926EFAC}.Ad-Hoc|iPhone.Deploy.0 = Release|x86
		{D2E16242-2B8C-4345-85F5-A7BF6926EFAC}.Ad-Hoc|iPhoneSimulator.ActiveCfg = Release|x86
		{D2E16242-2B8C-4345-85F5-A7BF6926EFAC}.Ad-Hoc|iPhoneSimulator.Build.0 = Release|x86
		{D2E16242-2B8C-4345-85F5-A7BF6926EFAC}.Ad-Hoc|iPhoneSimulator.Deploy.0 = Release|x86
		{D2E16242-2B8C-4345-85F5-A7BF6926EFAC}.Ad-Hoc|x64.ActiveCfg = Release|x64
		{D2E16242-2B8C-4345-85F5-A7BF6926EFAC}.Ad-Hoc|x64.Build.0 = Release|x64
		{D2E16242-2B8C-4345-85F5-A7BF6926EFAC}.Ad-Hoc|x64.Deploy.0 = Release|x64
		{D2E16242-2B8C-4345-85F5-A7BF6926EFAC}.Ad-Hoc|x86.ActiveCfg = Release|x86
		{D2E16242-2B8C-4345-85F5-A7BF6926EFAC}.Ad-Hoc|x86.Build.0 = Release|x86
		{D2E16242-2B8C-4345-85F5-A7BF6926EFAC}.Ad-Hoc|x86.Deploy.0 = Release|x86
		{D2E16242-2B8C-4345-85F5-A7BF6926EFAC}.AppStore|Any CPU.ActiveCfg = Release|x86
		{D2E16242-2B8C-4345-85F5-A7BF6926EFAC}.AppStore|Any CPU.Build.0 = Release|x86
		{D2E16242-2B8C-4345-85F5-A7BF6926EFAC}.AppStore|Any CPU.Deploy.0 = Release|x86
		{D2E16242-2B8C-4345-85F5-A7BF6926EFAC}.AppStore|ARM.ActiveCfg = Release|ARM
		{D2E16242-2B8C-4345-85F5-A7BF6926EFAC}.AppStore|ARM.Build.0 = Release|ARM
		{D2E16242-2B8C-4345-85F5-A7BF6926EFAC}.AppStore|ARM.Deploy.0 = Release|ARM
		{D2E16242-2B8C-4345-85F5-A7BF6926EFAC}.AppStore|iPhone.ActiveCfg = Release|x86
		{D2E16242-2B8C-4345-85F5-A7BF6926EFAC}.AppStore|iPhone.Build.0 = Release|x86
		{D2E16242-2B8C-4345-85F5-A7BF6926EFAC}.AppStore|iPhone.Deploy.0 = Release|x86
		{D2E16242-2B8C-4345-85F5-A7BF6926EFAC}.AppStore|iPhoneSimulator.ActiveCfg = Release|x86
		{D2E16242-2B8C-4345-85F5-A7BF6926EFAC}.AppStore|iPhoneSimulator.Build.0 = Release|x86
		{D2E16242-2B8C-4345-85F5-A7BF6926EFAC}.AppStore|iPhoneSimulator.Deploy.0 = Release|x86
		{D2E16242-2B8C-4345-85F5-A7BF6926EFAC}.AppStore|x64.ActiveCfg = Release|x64
		{D2E16242-2B8C-4345-85F5-A7BF6926EFAC}.AppStore|x64.Build.0 = Release|x64
		{D2E16242-2B8C-4345-85F5-A7BF6926EFAC}.AppStore|x64.Deploy.0 = Release|x64
		{D2E16242-2B8C-4345-85F5-A7BF6926EFAC}.AppStore|x86.ActiveCfg = Release|x86
		{D2E16242-2B8C-4345-85F5-A7BF6926EFAC}.AppStore|x86.Build.0 = Release|x86
		{D2E16242-2B8C-4345-85F5-A7BF6926EFAC}.AppStore|x86.Deploy.0 = Release|x86
		{D2E16242-2B8C-4345-85F5-A7BF6926EFAC}.Debug|Any CPU.ActiveCfg = Debug|x86
		{D2E16242-2B8C-4345-85F5-A7BF6926EFAC}.Debug|Any CPU.Build.0 = Debug|x86
		{D2E16242-2B8C-4345-85F5-A7BF6926EFAC}.Debug|Any CPU.Deploy.0 = Debug|x86
		{D2E16242-2B8C-4345-85F5-A7BF6926EFAC}.Debug|ARM.ActiveCfg = Debug|ARM
		{D2E16242-2B8C-4345-85F5-A7BF6926EFAC}.Debug|ARM.Build.0 = Debug|ARM
		{D2E16242-2B8C-4345-85F5-A7BF6926EFAC}.Debug|ARM.Deploy.0 = Debug|ARM
		{D2E16242-2B8C-4345-85F5-A7BF6926EFAC}.Debug|iPhone.ActiveCfg = Debug|x86
		{D2E16242-2B8C-4345-85F5-A7BF6926EFAC}.Debug|iPhone.Build.0 = Debug|x86
		{D2E16242-2B8C-4345-85F5-A7BF6926EFAC}.Debug|iPhone.Deploy.0 = Debug|x86
		{D2E16242-2B8C-4345-85F5-A7BF6926EFAC}.Debug|iPhoneSimulator.ActiveCfg = Debug|x86
		{D2E16242-2B8C-4345-85F5-A7BF6926EFAC}.Debug|iPhoneSimulator.Build.0 = Debug|x86
		{D2E16242-2B8C-4345-85F5-A7BF6926EFAC}.Debug|iPhoneSimulator.Deploy.0 = Debug|x86
		{D2E16242-2B8C-4345-85F5-A7BF6926EFAC}.Debug|x64.ActiveCfg = Debug|x64
		{D2E16242-2B8C-4345-85F5-A7BF6926EFAC}.Debug|x64.Build.0 = Debug|x64
		{D2E16242-2B8C-4345-85F5-A7BF6926EFAC}.Debug|x64.Deploy.0 = Debug|x64
		{D2E16242-2B8C-4345-85F5-A7BF6926EFAC}.Debug|x86.ActiveCfg = Debug|x86
		{D2E16242-2B8C-4345-85F5-A7BF6926EFAC}.Debug|x86.Build.0 = Debug|x86
		{D2E16242-2B8C-4345-85F5-A7BF6926EFAC}.Debug|x86.Deploy.0 = Debug|x86
		{D2E16242-2B8C-4345-85F5-A7BF6926EFAC}.Release|Any CPU.ActiveCfg = Release|x86
		{D2E16242-2B8C-4345-85F5-A7BF6926EFAC}.Release|Any CPU.Build.0 = Release|x86
		{D2E16242-2B8C-4345-85F5-A7BF6926EFAC}.Release|Any CPU.Deploy.0 = Release|x86
		{D2E16242-2B8C-4345-85F5-A7BF6926EFAC}.Release|ARM.ActiveCfg = Release|ARM
		{D2E16242-2B8C-4345-85F5-A7BF6926EFAC}.Release|ARM.Build.0 = Release|ARM
		{D2E16242-2B8C-4345-85F5-A7BF6926EFAC}.Release|ARM.Deploy.0 = Release|ARM
		{D2E16242-2B8C-4345-85F5-A7BF6926EFAC}.Release|iPhone.ActiveCfg = Release|x86
		{D2E16242-2B8C-4345-85F5-A7BF6926EFAC}.Release|iPhone.Build.0 = Release|x86
		{D2E16242-2B8C-4345-85F5-A7BF6926EFAC}.Release|iPhone.Deploy.0 = Release|x86
		{D2E16242-2B8C-4345-85F5-A7BF6926EFAC}.Release|iPhoneSimulator.ActiveCfg = Release|x86
		{D2E16242-2B8C-4345-85F5-A7BF6926EFAC}.Release|iPhoneSimulator.Build.0 = Release|x86
		{D2E16242-2B8C-4345-85F5-A7BF6926EFAC}.Release|iPhoneSimulator.Deploy.0 = Release|x86
		{D2E16242-2B8C-4345-85F5-A7BF6926EFAC}.Release|x64.ActiveCfg = Release|x64
		{D2E16242-2B8C-4345-85F5-A7BF6926EFAC}.Release|x64.Build.0 = Release|x64
		{D2E16242-2B8C-4345-85F5-A7BF6926EFAC}.Release|x64.Deploy.0 = Release|x64
		{D2E16242-2B8C-4345-85F5-A7BF6926EFAC}.Release|x86.ActiveCfg = Release|x86
		{D2E16242-2B8C-4345-85F5-A7BF6926EFAC}.Release|x86.Build.0 = Release|x86
		{D2E16242-2B8C-4345-85F5-A7BF6926EFAC}.Release|x86.Deploy.0 = Release|x86
		{837B7B96-70F6-48B6-89B6-0D182520ED79}.Ad-Hoc|Any CPU.ActiveCfg = Debug|Any CPU
		{837B7B96-70F6-48B6-89B6-0D182520ED79}.Ad-Hoc|Any CPU.Build.0 = Debug|Any CPU
		{837B7B96-70F6-48B6-89B6-0D182520ED79}.Ad-Hoc|Any CPU.Deploy.0 = Debug|Any CPU
		{837B7B96-70F6-48B6-89B6-0D182520ED79}.Ad-Hoc|ARM.ActiveCfg = Debug|Any CPU
		{837B7B96-70F6-48B6-89B6-0D182520ED79}.Ad-Hoc|ARM.Build.0 = Debug|Any CPU
		{837B7B96-70F6-48B6-89B6-0D182520ED79}.Ad-Hoc|ARM.Deploy.0 = Debug|Any CPU
		{837B7B96-70F6-48B6-89B6-0D182520ED79}.Ad-Hoc|iPhone.ActiveCfg = Debug|Any CPU
		{837B7B96-70F6-48B6-89B6-0D182520ED79}.Ad-Hoc|iPhone.Build.0 = Debug|Any CPU
		{837B7B96-70F6-48B6-89B6-0D182520ED79}.Ad-Hoc|iPhone.Deploy.0 = Debug|Any CPU
		{837B7B96-70F6-48B6-89B6-0D182520ED79}.Ad-Hoc|iPhoneSimulator.ActiveCfg = Debug|Any CPU
		{837B7B96-70F6-48B6-89B6-0D182520ED79}.Ad-Hoc|iPhoneSimulator.Build.0 = Debug|Any CPU
		{837B7B96-70F6-48B6-89B6-0D182520ED79}.Ad-Hoc|iPhoneSimulator.Deploy.0 = Debug|Any CPU
		{837B7B96-70F6-48B6-89B6-0D182520ED79}.Ad-Hoc|x64.ActiveCfg = Debug|Any CPU
		{837B7B96-70F6-48B6-89B6-0D182520ED79}.Ad-Hoc|x64.Build.0 = Debug|Any CPU
		{837B7B96-70F6-48B6-89B6-0D182520ED79}.Ad-Hoc|x64.Deploy.0 = Debug|Any CPU
		{837B7B96-70F6-48B6-89B6-0D182520ED79}.Ad-Hoc|x86.ActiveCfg = Debug|Any CPU
		{837B7B96-70F6-48B6-89B6-0D182520ED79}.Ad-Hoc|x86.Build.0 = Debug|Any CPU
		{837B7B96-70F6-48B6-89B6-0D182520ED79}.Ad-Hoc|x86.Deploy.0 = Debug|Any CPU
		{837B7B96-70F6-48B6-89B6-0D182520ED79}.AppStore|Any CPU.ActiveCfg = Debug|Any CPU
		{837B7B96-70F6-48B6-89B6-0D182520ED79}.AppStore|Any CPU.Build.0 = Debug|Any CPU
		{837B7B96-70F6-48B6-89B6-0D182520ED79}.AppStore|Any CPU.Deploy.0 = Debug|Any CPU
		{837B7B96-70F6-48B6-89B6-0D182520ED79}.AppStore|ARM.ActiveCfg = Debug|Any CPU
		{837B7B96-70F6-48B6-89B6-0D182520ED79}.AppStore|ARM.Build.0 = Debug|Any CPU
		{837B7B96-70F6-48B6-89B6-0D182520ED79}.AppStore|ARM.Deploy.0 = Debug|Any CPU
		{837B7B96-70F6-48B6-89B6-0D182520ED79}.AppStore|iPhone.ActiveCfg = Debug|Any CPU
		{837B7B96-70F6-48B6-89B6-0D182520ED79}.AppStore|iPhone.Build.0 = Debug|Any CPU
		{837B7B96-70F6-48B6-89B6-0D182520ED79}.AppStore|iPhone.Deploy.0 = Debug|Any CPU
		{837B7B96-70F6-48B6-89B6-0D182520ED79}.AppStore|iPhoneSimulator.ActiveCfg = Debug|Any CPU
		{837B7B96-70F6-48B6-89B6-0D182520ED79}.AppStore|iPhoneSimulator.Build.0 = Debug|Any CPU
		{837B7B96-70F6-48B6-89B6-0D182520ED79}.AppStore|iPhoneSimulator.Deploy.0 = Debug|Any CPU
		{837B7B96-70F6-48B6-89B6-0D182520ED79}.AppStore|x64.ActiveCfg = Debug|Any CPU
		{837B7B96-70F6-48B6-89B6-0D182520ED79}.AppStore|x64.Build.0 = Debug|Any CPU
		{837B7B96-70F6-48B6-89B6-0D182520ED79}.AppStore|x64.Deploy.0 = Debug|Any CPU
		{837B7B96-70F6-48B6-89B6-0D182520ED79}.AppStore|x86.ActiveCfg = Debug|Any CPU
		{837B7B96-70F6-48B6-89B6-0D182520ED79}.AppStore|x86.Build.0 = Debug|Any CPU
		{837B7B96-70F6-48B6-89B6-0D182520ED79}.AppStore|x86.Deploy.0 = Debug|Any CPU
		{837B7B96-70F6-48B6-89B6-0D182520ED79}.Debug|Any CPU.ActiveCfg = Debug|Any CPU
		{837B7B96-70F6-48B6-89B6-0D182520ED79}.Debug|Any CPU.Build.0 = Debug|Any CPU
		{837B7B96-70F6-48B6-89B6-0D182520ED79}.Debug|Any CPU.Deploy.0 = Debug|Any CPU
		{837B7B96-70F6-48B6-89B6-0D182520ED79}.Debug|ARM.ActiveCfg = Debug|Any CPU
		{837B7B96-70F6-48B6-89B6-0D182520ED79}.Debug|ARM.Build.0 = Debug|Any CPU
		{837B7B96-70F6-48B6-89B6-0D182520ED79}.Debug|ARM.Deploy.0 = Debug|Any CPU
		{837B7B96-70F6-48B6-89B6-0D182520ED79}.Debug|iPhone.ActiveCfg = Debug|Any CPU
		{837B7B96-70F6-48B6-89B6-0D182520ED79}.Debug|iPhone.Build.0 = Debug|Any CPU
		{837B7B96-70F6-48B6-89B6-0D182520ED79}.Debug|iPhone.Deploy.0 = Debug|Any CPU
		{837B7B96-70F6-48B6-89B6-0D182520ED79}.Debug|iPhoneSimulator.ActiveCfg = Debug|Any CPU
		{837B7B96-70F6-48B6-89B6-0D182520ED79}.Debug|iPhoneSimulator.Build.0 = Debug|Any CPU
		{837B7B96-70F6-48B6-89B6-0D182520ED79}.Debug|iPhoneSimulator.Deploy.0 = Debug|Any CPU
		{837B7B96-70F6-48B6-89B6-0D182520ED79}.Debug|x64.ActiveCfg = Debug|Any CPU
		{837B7B96-70F6-48B6-89B6-0D182520ED79}.Debug|x64.Build.0 = Debug|Any CPU
		{837B7B96-70F6-48B6-89B6-0D182520ED79}.Debug|x64.Deploy.0 = Debug|Any CPU
		{837B7B96-70F6-48B6-89B6-0D182520ED79}.Debug|x86.ActiveCfg = Debug|Any CPU
		{837B7B96-70F6-48B6-89B6-0D182520ED79}.Debug|x86.Build.0 = Debug|Any CPU
		{837B7B96-70F6-48B6-89B6-0D182520ED79}.Debug|x86.Deploy.0 = Debug|Any CPU
		{837B7B96-70F6-48B6-89B6-0D182520ED79}.Release|Any CPU.ActiveCfg = Release|Any CPU
		{837B7B96-70F6-48B6-89B6-0D182520ED79}.Release|Any CPU.Build.0 = Release|Any CPU
		{837B7B96-70F6-48B6-89B6-0D182520ED79}.Release|Any CPU.Deploy.0 = Release|Any CPU
		{837B7B96-70F6-48B6-89B6-0D182520ED79}.Release|ARM.ActiveCfg = Release|Any CPU
		{837B7B96-70F6-48B6-89B6-0D182520ED79}.Release|ARM.Build.0 = Release|Any CPU
		{837B7B96-70F6-48B6-89B6-0D182520ED79}.Release|ARM.Deploy.0 = Release|Any CPU
		{837B7B96-70F6-48B6-89B6-0D182520ED79}.Release|iPhone.ActiveCfg = Release|Any CPU
		{837B7B96-70F6-48B6-89B6-0D182520ED79}.Release|iPhone.Build.0 = Release|Any CPU
		{837B7B96-70F6-48B6-89B6-0D182520ED79}.Release|iPhone.Deploy.0 = Release|Any CPU
		{837B7B96-70F6-48B6-89B6-0D182520ED79}.Release|iPhoneSimulator.ActiveCfg = Release|Any CPU
		{837B7B96-70F6-48B6-89B6-0D182520ED79}.Release|iPhoneSimulator.Build.0 = Release|Any CPU
		{837B7B96-70F6-48B6-89B6-0D182520ED79}.Release|iPhoneSimulator.Deploy.0 = Release|Any CPU
		{837B7B96-70F6-48B6-89B6-0D182520ED79}.Release|x64.ActiveCfg = Release|Any CPU
		{837B7B96-70F6-48B6-89B6-0D182520ED79}.Release|x64.Build.0 = Release|Any CPU
		{837B7B96-70F6-48B6-89B6-0D182520ED79}.Release|x64.Deploy.0 = Release|Any CPU
		{837B7B96-70F6-48B6-89B6-0D182520ED79}.Release|x86.ActiveCfg = Release|Any CPU
		{837B7B96-70F6-48B6-89B6-0D182520ED79}.Release|x86.Build.0 = Release|Any CPU
		{837B7B96-70F6-48B6-89B6-0D182520ED79}.Release|x86.Deploy.0 = Release|Any CPU
	EndGlobalSection
	GlobalSection(SolutionProperties) = preSolution
		HideSolutionNode = FALSE
	EndGlobalSection
	GlobalSection(ExtensibilityGlobals) = postSolution
		SolutionGuid = {CFEF5C76-2F77-433C-8D1F-E6D1360CA104}
	EndGlobalSection
EndGlobal
